
Microsoft Visual Studio Solution File, Format Version 12.00
# Visual Studio Version 17
VisualStudioVersion = 17.8.34330.188
MinimumVisualStudioVersion = 10.0.40219.1
Project("{FAE04EC0-301F-11D3-BF4B-00C04F79EFBC}") = "DndCards", "DndCards\DndCards.csproj", "{4180DDD7-6A59-4DDA-AB52-6A10B6A6A5EC}"
EndProject
Global
	GlobalSection(SolutionConfigurationPlatforms) = preSolution
		Debug|Any CPU = Debug|Any CPU
		Release|Any CPU = Release|Any CPU
	EndGlobalSection
	GlobalSection(ProjectConfigurationPlatforms) = postSolution
		{4180DDD7-6A59-4DDA-AB52-6A10B6A6A5EC}.Debug|Any CPU.ActiveCfg = Debug|Any CPU
		{4180DDD7-6A59-4DDA-AB52-6A10B6A6A5EC}.Debug|Any CPU.Build.0 = Debug|Any CPU
		{4180DDD7-6A59-4DDA-AB52-6A10B6A6A5EC}.Release|Any CPU.ActiveCfg = Release|Any CPU
		{4180DDD7-6A59-4DDA-AB52-6A10B6A6A5EC}.Release|Any CPU.Build.0 = Release|Any CPU
	EndGlobalSection
	GlobalSection(SolutionProperties) = preSolution
		HideSolutionNode = FALSE
	EndGlobalSection
	GlobalSection(ExtensibilityGlobals) = postSolution
		SolutionGuid = {B3661852-DDB3-4E97-AF07-50FB242BBAED}
	EndGlobalSection
EndGlobal
